// !$*UTF8*$!
{
	archiveVersion = 1;
	classes = {
	};
	objectVersion = 46;
	objects = {

/* Begin PBXBuildFile section */
		127DF80104BC2855A87DAA26 /* Pods_BayunS3.framework in Frameworks */ = {isa = PBXBuildFile; fileRef = 702E43ACA23516CD2818E520 /* Pods_BayunS3.framework */; };
		1E1974B02914FD8F007B7625 /* SecureAWSS3TransferUtility.m in Sources */ = {isa = PBXBuildFile; fileRef = 1E1974AF2914FD8F007B7625 /* SecureAWSS3TransferUtility.m */; };
		1E3467081F4ECAFE005049BF /* SignInViewController.m in Sources */ = {isa = PBXBuildFile; fileRef = 1E3467071F4ECAFE005049BF /* SignInViewController.m */; };
		1E34670A1F4ECBAB005049BF /* CognitoLogo.png in Resources */ = {isa = PBXBuildFile; fileRef = 1E3467091F4ECBAB005049BF /* CognitoLogo.png */; };
		1E3467101F503406005049BF /* AppDelegate.m in Sources */ = {isa = PBXBuildFile; fileRef = 1E34670F1F503406005049BF /* AppDelegate.m */; };
		1E63D69C1F6BFE2E004B3E08 /* SecureAuthentication.m in Sources */ = {isa = PBXBuildFile; fileRef = 1E63D69B1F6BFE2E004B3E08 /* SecureAuthentication.m */; };
		1E648FB11D252A3200A53D85 /* SVIndefiniteAnimatedView.m in Sources */ = {isa = PBXBuildFile; fileRef = 1E648FA81D252A3200A53D85 /* SVIndefiniteAnimatedView.m */; };
		1E648FB21D252A3200A53D85 /* SVProgressAnimatedView.m in Sources */ = {isa = PBXBuildFile; fileRef = 1E648FAA1D252A3200A53D85 /* SVProgressAnimatedView.m */; };
		1E648FB31D252A3200A53D85 /* SVProgressHUD.bundle in Resources */ = {isa = PBXBuildFile; fileRef = 1E648FAC1D252A3200A53D85 /* SVProgressHUD.bundle */; };
		1E648FB41D252A3200A53D85 /* SVProgressHUD.m in Sources */ = {isa = PBXBuildFile; fileRef = 1E648FAE1D252A3200A53D85 /* SVProgressHUD.m */; };
		1E648FB51D252A3200A53D85 /* SVRadialGradientLayer.m in Sources */ = {isa = PBXBuildFile; fileRef = 1E648FB01D252A3200A53D85 /* SVRadialGradientLayer.m */; };
		1E6BBAE41D2146BD0025AE2D /* Images.xcassets in Resources */ = {isa = PBXBuildFile; fileRef = 1E6BBAE31D2146BD0025AE2D /* Images.xcassets */; };
		1E718F812851132D00420578 /* Bayun.framework in Frameworks */ = {isa = PBXBuildFile; fileRef = 1E718F7F285111F600420578 /* Bayun.framework */; };
		1E718F822851132E00420578 /* Bayun.framework in Embed Frameworks */ = {isa = PBXBuildFile; fileRef = 1E718F7F285111F600420578 /* Bayun.framework */; settings = {ATTRIBUTES = (CodeSignOnCopy, RemoveHeadersOnCopy, ); }; };
		1E83AE181D41FBD200469E3C /* SecureAWSS3Service.m in Sources */ = {isa = PBXBuildFile; fileRef = 1E83AE131D41FBD200469E3C /* SecureAWSS3Service.m */; };
		1E8DCBBF1E6D6FAC004D42B0 /* GroupsViewController.m in Sources */ = {isa = PBXBuildFile; fileRef = 1E8DCBBE1E6D6FAC004D42B0 /* GroupsViewController.m */; };
		1E9A8D641F4D8E4300FA494D /* SignUpViewController.m in Sources */ = {isa = PBXBuildFile; fileRef = 1E9A8D631F4D8E4300FA494D /* SignUpViewController.m */; };
		1E9A8D671F4D8E5F00FA494D /* ConfirmSignUpViewController.m in Sources */ = {isa = PBXBuildFile; fileRef = 1E9A8D661F4D8E5F00FA494D /* ConfirmSignUpViewController.m */; };
		1E9E50941E4B1D0E00CE1F38 /* DLAVAlertView.m in Sources */ = {isa = PBXBuildFile; fileRef = 1E9E50831E4B1D0E00CE1F38 /* DLAVAlertView.m */; };
		1E9E50951E4B1D0E00CE1F38 /* DLAVAlertViewButtonTheme.m in Sources */ = {isa = PBXBuildFile; fileRef = 1E9E50851E4B1D0E00CE1F38 /* DLAVAlertViewButtonTheme.m */; };
		1E9E50961E4B1D0E00CE1F38 /* DLAVAlertViewController.m in Sources */ = {isa = PBXBuildFile; fileRef = 1E9E50871E4B1D0E00CE1F38 /* DLAVAlertViewController.m */; };
		1E9E50971E4B1D0E00CE1F38 /* DLAVAlertViewTextControlTheme.m in Sources */ = {isa = PBXBuildFile; fileRef = 1E9E50891E4B1D0E00CE1F38 /* DLAVAlertViewTextControlTheme.m */; };
		1E9E50981E4B1D0E00CE1F38 /* DLAVAlertViewTextFieldTheme.m in Sources */ = {isa = PBXBuildFile; fileRef = 1E9E508B1E4B1D0E00CE1F38 /* DLAVAlertViewTextFieldTheme.m */; };
		1E9E50991E4B1D0E00CE1F38 /* DLAVAlertViewTheme.m in Sources */ = {isa = PBXBuildFile; fileRef = 1E9E508D1E4B1D0E00CE1F38 /* DLAVAlertViewTheme.m */; };
		1E9E509A1E4B1D0E00CE1F38 /* DropDownView.m in Sources */ = {isa = PBXBuildFile; fileRef = 1E9E50901E4B1D0E00CE1F38 /* DropDownView.m */; };
		1E9E509B1E4B1D0E00CE1F38 /* DropDownView.xib in Resources */ = {isa = PBXBuildFile; fileRef = 1E9E50911E4B1D0E00CE1F38 /* DropDownView.xib */; };
		1E9E509C1E4B1D0E00CE1F38 /* MKDropdownMenu.m in Sources */ = {isa = PBXBuildFile; fileRef = 1E9E50931E4B1D0E00CE1F38 /* MKDropdownMenu.m */; };
		1EA792841E94CD2A0012E710 /* GroupMembersViewController.m in Sources */ = {isa = PBXBuildFile; fileRef = 1EA792831E94CD2A0012E710 /* GroupMembersViewController.m */; };
		1EA792861E94EBD40012E710 /* Member.png in Resources */ = {isa = PBXBuildFile; fileRef = 1EA792851E94EBD40012E710 /* Member.png */; };
		1EBAC9E71E9254B3007F04FB /* GroupFilesViewController.m in Sources */ = {isa = PBXBuildFile; fileRef = 1EBAC9E61E9254B3007F04FB /* GroupFilesViewController.m */; };
		1EC6B8AF2878774A007B485C /* unchecked-checkbox.png in Resources */ = {isa = PBXBuildFile; fileRef = 1EC6B8AD2878773D007B485C /* unchecked-checkbox.png */; };
		1EC6B8B02878774A007B485C /* checked-checkbox.png in Resources */ = {isa = PBXBuildFile; fileRef = 1EC6B8AE2878774A007B485C /* checked-checkbox.png */; };
		1ECAC2CD1E728873003C92A3 /* GroupIcon.png in Resources */ = {isa = PBXBuildFile; fileRef = 1ECAC2CC1E728873003C92A3 /* GroupIcon.png */; };
		1ECAC2CF1E728ACE003C92A3 /* GroupIcon2.png in Resources */ = {isa = PBXBuildFile; fileRef = 1ECAC2CE1E728ACE003C92A3 /* GroupIcon2.png */; };
		1EF100321D22616F00952D33 /* ALAlertBanner.m in Sources */ = {isa = PBXBuildFile; fileRef = 1EF100221D22616F00952D33 /* ALAlertBanner.m */; };
		1EF100331D22616F00952D33 /* ALAlertBannerManager.m in Sources */ = {isa = PBXBuildFile; fileRef = 1EF100241D22616F00952D33 /* ALAlertBannerManager.m */; };
		1EF100341D22616F00952D33 /* bannerAlert.png in Resources */ = {isa = PBXBuildFile; fileRef = 1EF100261D22616F00952D33 /* bannerAlert.png */; };
		1EF100351D22616F00952D33 /* bannerAlert@2x.png in Resources */ = {isa = PBXBuildFile; fileRef = 1EF100271D22616F00952D33 /* bannerAlert@2x.png */; };
		1EF100361D22616F00952D33 /* bannerFailure.png in Resources */ = {isa = PBXBuildFile; fileRef = 1EF100281D22616F00952D33 /* bannerFailure.png */; };
		1EF100371D22616F00952D33 /* bannerFailure@2x.png in Resources */ = {isa = PBXBuildFile; fileRef = 1EF100291D22616F00952D33 /* bannerFailure@2x.png */; };
		1EF100381D22616F00952D33 /* bannerNotify.png in Resources */ = {isa = PBXBuildFile; fileRef = 1EF1002A1D22616F00952D33 /* bannerNotify.png */; };
		1EF100391D22616F00952D33 /* bannerNotify@2x.png in Resources */ = {isa = PBXBuildFile; fileRef = 1EF1002B1D22616F00952D33 /* bannerNotify@2x.png */; };
		1EF1003A1D22616F00952D33 /* bannerSuccess.png in Resources */ = {isa = PBXBuildFile; fileRef = 1EF1002C1D22616F00952D33 /* bannerSuccess.png */; };
		1EF1003B1D22616F00952D33 /* bannerSuccess@2x.png in Resources */ = {isa = PBXBuildFile; fileRef = 1EF1002D1D22616F00952D33 /* bannerSuccess@2x.png */; };
		1EF3F3651D213831009D0B72 /* main.m in Sources */ = {isa = PBXBuildFile; fileRef = 1EF3F3641D213831009D0B72 /* main.m */; };
		1EF3F36E1D213831009D0B72 /* Main.storyboard in Resources */ = {isa = PBXBuildFile; fileRef = 1EF3F36C1D213831009D0B72 /* Main.storyboard */; };
		1EF3F3711D213831009D0B72 /* BayunS3.xcdatamodeld in Sources */ = {isa = PBXBuildFile; fileRef = 1EF3F36F1D213831009D0B72 /* BayunS3.xcdatamodeld */; };
		1EF3F3761D213831009D0B72 /* LaunchScreen.storyboard in Resources */ = {isa = PBXBuildFile; fileRef = 1EF3F3741D213831009D0B72 /* LaunchScreen.storyboard */; };
		1EF3F3811D213831009D0B72 /* BayunS3Tests.m in Sources */ = {isa = PBXBuildFile; fileRef = 1EF3F3801D213831009D0B72 /* BayunS3Tests.m */; };
		1EF3F38C1D213831009D0B72 /* BayunS3UITests.m in Sources */ = {isa = PBXBuildFile; fileRef = 1EF3F38B1D213831009D0B72 /* BayunS3UITests.m */; };
		1EF3F3D11D213923009D0B72 /* NSDate+TimeAgoConversion.m in Sources */ = {isa = PBXBuildFile; fileRef = 1EF3F39B1D213923009D0B72 /* NSDate+TimeAgoConversion.m */; };
		1EF3F3DC1D213923009D0B72 /* AWSManager.m in Sources */ = {isa = PBXBuildFile; fileRef = 1EF3F3AE1D213923009D0B72 /* AWSManager.m */; };
		1EF3F3DD1D213923009D0B72 /* Constants.m in Sources */ = {isa = PBXBuildFile; fileRef = 1EF3F3B01D213923009D0B72 /* Constants.m */; };
		1EF3F3E01D213923009D0B72 /* Utilities.m in Sources */ = {isa = PBXBuildFile; fileRef = 1EF3F3B61D213923009D0B72 /* Utilities.m */; };
		1EF3F3E11D213923009D0B72 /* 37x-Checkmark.png in Resources */ = {isa = PBXBuildFile; fileRef = 1EF3F3B81D213923009D0B72 /* 37x-Checkmark.png */; };
		1EF3F3E21D213923009D0B72 /* 37x-Checkmark@2x.png in Resources */ = {isa = PBXBuildFile; fileRef = 1EF3F3B91D213923009D0B72 /* 37x-Checkmark@2x.png */; };
		1EF3F3E31D213923009D0B72 /* app_icon.png in Resources */ = {isa = PBXBuildFile; fileRef = 1EF3F3BA1D213923009D0B72 /* app_icon.png */; };
		1EF3F3E41D213923009D0B72 /* backarrow.png in Resources */ = {isa = PBXBuildFile; fileRef = 1EF3F3BB1D213923009D0B72 /* backarrow.png */; };
		1EF3F3E51D213923009D0B72 /* backgroungImage-568h@2x.png in Resources */ = {isa = PBXBuildFile; fileRef = 1EF3F3BC1D213923009D0B72 /* backgroungImage-568h@2x.png */; };
		1EF3F3E61D213923009D0B72 /* backgroungImage.png in Resources */ = {isa = PBXBuildFile; fileRef = 1EF3F3BD1D213923009D0B72 /* backgroungImage.png */; };
		1EF3F3E71D213923009D0B72 /* backgroungImage@2x.png in Resources */ = {isa = PBXBuildFile; fileRef = 1EF3F3BE1D213923009D0B72 /* backgroungImage@2x.png */; };
		1EF3F3E81D213923009D0B72 /* fileImage.png in Resources */ = {isa = PBXBuildFile; fileRef = 1EF3F3BF1D213923009D0B72 /* fileImage.png */; };
		1EF3F3E91D213923009D0B72 /* fileImage@2x.png in Resources */ = {isa = PBXBuildFile; fileRef = 1EF3F3C01D213923009D0B72 /* fileImage@2x.png */; };
		1EF3F3EA1D213923009D0B72 /* register_button.png in Resources */ = {isa = PBXBuildFile; fileRef = 1EF3F3C11D213923009D0B72 /* register_button.png */; };
		1EF3F3EB1D213923009D0B72 /* splashScreen.png in Resources */ = {isa = PBXBuildFile; fileRef = 1EF3F3C21D213923009D0B72 /* splashScreen.png */; };
		1EF3F3EE1D213923009D0B72 /* CreateTextFileViewController.m in Sources */ = {isa = PBXBuildFile; fileRef = 1EF3F3CA1D213923009D0B72 /* CreateTextFileViewController.m */; };
		1EF3F3EF1D213923009D0B72 /* ListFilesViewController.m in Sources */ = {isa = PBXBuildFile; fileRef = 1EF3F3CC1D213923009D0B72 /* ListFilesViewController.m */; };
/* End PBXBuildFile section */

/* Begin PBXContainerItemProxy section */
		1EF3F37D1D213831009D0B72 /* PBXContainerItemProxy */ = {
			isa = PBXContainerItemProxy;
			containerPortal = 1EF3F3581D213831009D0B72 /* Project object */;
			proxyType = 1;
			remoteGlobalIDString = 1EF3F35F1D213831009D0B72;
			remoteInfo = BayunS3;
		};
		1EF3F3881D213831009D0B72 /* PBXContainerItemProxy */ = {
			isa = PBXContainerItemProxy;
			containerPortal = 1EF3F3581D213831009D0B72 /* Project object */;
			proxyType = 1;
			remoteGlobalIDString = 1EF3F35F1D213831009D0B72;
			remoteInfo = BayunS3;
		};
/* End PBXContainerItemProxy section */

/* Begin PBXCopyFilesBuildPhase section */
		1E96D40C2785D86600BFE6BF /* Embed Frameworks */ = {
			isa = PBXCopyFilesBuildPhase;
			buildActionMask = 2147483647;
			dstPath = "";
			dstSubfolderSpec = 10;
			files = (
				1E718F822851132E00420578 /* Bayun.framework in Embed Frameworks */,
			);
			name = "Embed Frameworks";
			runOnlyForDeploymentPostprocessing = 0;
		};
/* End PBXCopyFilesBuildPhase section */

/* Begin PBXFileReference section */
		1E1974AE2914FD8F007B7625 /* SecureAWSS3TransferUtility.h */ = {isa = PBXFileReference; fileEncoding = 4; lastKnownFileType = sourcecode.c.h; path = SecureAWSS3TransferUtility.h; sourceTree = "<group>"; };
		1E1974AF2914FD8F007B7625 /* SecureAWSS3TransferUtility.m */ = {isa = PBXFileReference; fileEncoding = 4; lastKnownFileType = sourcecode.c.objc; path = SecureAWSS3TransferUtility.m; sourceTree = "<group>"; };
		1E3467061F4ECAFE005049BF /* SignInViewController.h */ = {isa = PBXFileReference; fileEncoding = 4; lastKnownFileType = sourcecode.c.h; path = SignInViewController.h; sourceTree = "<group>"; };
		1E3467071F4ECAFE005049BF /* SignInViewController.m */ = {isa = PBXFileReference; fileEncoding = 4; lastKnownFileType = sourcecode.c.objc; path = SignInViewController.m; sourceTree = "<group>"; };
		1E3467091F4ECBAB005049BF /* CognitoLogo.png */ = {isa = PBXFileReference; lastKnownFileType = image.png; path = CognitoLogo.png; sourceTree = "<group>"; };
		1E34670E1F503406005049BF /* AppDelegate.h */ = {isa = PBXFileReference; fileEncoding = 4; lastKnownFileType = sourcecode.c.h; name = AppDelegate.h; path = ViewControllers/AppDelegate.h; sourceTree = "<group>"; };
		1E34670F1F503406005049BF /* AppDelegate.m */ = {isa = PBXFileReference; fileEncoding = 4; lastKnownFileType = sourcecode.c.objc; name = AppDelegate.m; path = ViewControllers/AppDelegate.m; sourceTree = "<group>"; };
		1E63D69A1F6BFE2E004B3E08 /* SecureAuthentication.h */ = {isa = PBXFileReference; fileEncoding = 4; lastKnownFileType = sourcecode.c.h; path = SecureAuthentication.h; sourceTree = "<group>"; };
		1E63D69B1F6BFE2E004B3E08 /* SecureAuthentication.m */ = {isa = PBXFileReference; fileEncoding = 4; lastKnownFileType = sourcecode.c.objc; path = SecureAuthentication.m; sourceTree = "<group>"; };
		1E648FA71D252A3200A53D85 /* SVIndefiniteAnimatedView.h */ = {isa = PBXFileReference; fileEncoding = 4; lastKnownFileType = sourcecode.c.h; path = SVIndefiniteAnimatedView.h; sourceTree = "<group>"; };
		1E648FA81D252A3200A53D85 /* SVIndefiniteAnimatedView.m */ = {isa = PBXFileReference; fileEncoding = 4; lastKnownFileType = sourcecode.c.objc; path = SVIndefiniteAnimatedView.m; sourceTree = "<group>"; };
		1E648FA91D252A3200A53D85 /* SVProgressAnimatedView.h */ = {isa = PBXFileReference; fileEncoding = 4; lastKnownFileType = sourcecode.c.h; path = SVProgressAnimatedView.h; sourceTree = "<group>"; };
		1E648FAA1D252A3200A53D85 /* SVProgressAnimatedView.m */ = {isa = PBXFileReference; fileEncoding = 4; lastKnownFileType = sourcecode.c.objc; path = SVProgressAnimatedView.m; sourceTree = "<group>"; };
		1E648FAB1D252A3200A53D85 /* SVProgressHUD-Prefix.pch */ = {isa = PBXFileReference; fileEncoding = 4; lastKnownFileType = sourcecode.c.h; path = "SVProgressHUD-Prefix.pch"; sourceTree = "<group>"; };
		1E648FAC1D252A3200A53D85 /* SVProgressHUD.bundle */ = {isa = PBXFileReference; lastKnownFileType = "wrapper.plug-in"; path = SVProgressHUD.bundle; sourceTree = "<group>"; };
		1E648FAD1D252A3200A53D85 /* SVProgressHUD.h */ = {isa = PBXFileReference; fileEncoding = 4; lastKnownFileType = sourcecode.c.h; path = SVProgressHUD.h; sourceTree = "<group>"; };
		1E648FAE1D252A3200A53D85 /* SVProgressHUD.m */ = {isa = PBXFileReference; fileEncoding = 4; lastKnownFileType = sourcecode.c.objc; path = SVProgressHUD.m; sourceTree = "<group>"; };
		1E648FAF1D252A3200A53D85 /* SVRadialGradientLayer.h */ = {isa = PBXFileReference; fileEncoding = 4; lastKnownFileType = sourcecode.c.h; path = SVRadialGradientLayer.h; sourceTree = "<group>"; };
		1E648FB01D252A3200A53D85 /* SVRadialGradientLayer.m */ = {isa = PBXFileReference; fileEncoding = 4; lastKnownFileType = sourcecode.c.objc; path = SVRadialGradientLayer.m; sourceTree = "<group>"; };
		1E6BBAE31D2146BD0025AE2D /* Images.xcassets */ = {isa = PBXFileReference; lastKnownFileType = folder.assetcatalog; path = Images.xcassets; sourceTree = "<group>"; };
		1E718F7F285111F600420578 /* Bayun.framework */ = {isa = PBXFileReference; lastKnownFileType = wrapper.framework; path = Bayun.framework; sourceTree = "<group>"; };
		1E83AE121D41FBD200469E3C /* SecureAWSS3Service.h */ = {isa = PBXFileReference; fileEncoding = 4; lastKnownFileType = sourcecode.c.h; path = SecureAWSS3Service.h; sourceTree = "<group>"; };
		1E83AE131D41FBD200469E3C /* SecureAWSS3Service.m */ = {isa = PBXFileReference; fileEncoding = 4; lastKnownFileType = sourcecode.c.objc; path = SecureAWSS3Service.m; sourceTree = "<group>"; };
		1E8DCBBD1E6D6FAC004D42B0 /* GroupsViewController.h */ = {isa = PBXFileReference; fileEncoding = 4; lastKnownFileType = sourcecode.c.h; path = GroupsViewController.h; sourceTree = "<group>"; };
		1E8DCBBE1E6D6FAC004D42B0 /* GroupsViewController.m */ = {isa = PBXFileReference; fileEncoding = 4; lastKnownFileType = sourcecode.c.objc; path = GroupsViewController.m; sourceTree = "<group>"; };
		1E9A8D621F4D8E4300FA494D /* SignUpViewController.h */ = {isa = PBXFileReference; fileEncoding = 4; lastKnownFileType = sourcecode.c.h; path = SignUpViewController.h; sourceTree = "<group>"; };
		1E9A8D631F4D8E4300FA494D /* SignUpViewController.m */ = {isa = PBXFileReference; fileEncoding = 4; lastKnownFileType = sourcecode.c.objc; path = SignUpViewController.m; sourceTree = "<group>"; };
		1E9A8D651F4D8E5F00FA494D /* ConfirmSignUpViewController.h */ = {isa = PBXFileReference; fileEncoding = 4; lastKnownFileType = sourcecode.c.h; path = ConfirmSignUpViewController.h; sourceTree = "<group>"; };
		1E9A8D661F4D8E5F00FA494D /* ConfirmSignUpViewController.m */ = {isa = PBXFileReference; fileEncoding = 4; lastKnownFileType = sourcecode.c.objc; path = ConfirmSignUpViewController.m; sourceTree = "<group>"; };
		1E9E50821E4B1D0E00CE1F38 /* DLAVAlertView.h */ = {isa = PBXFileReference; fileEncoding = 4; lastKnownFileType = sourcecode.c.h; path = DLAVAlertView.h; sourceTree = "<group>"; };
		1E9E50831E4B1D0E00CE1F38 /* DLAVAlertView.m */ = {isa = PBXFileReference; fileEncoding = 4; lastKnownFileType = sourcecode.c.objc; path = DLAVAlertView.m; sourceTree = "<group>"; };
		1E9E50841E4B1D0E00CE1F38 /* DLAVAlertViewButtonTheme.h */ = {isa = PBXFileReference; fileEncoding = 4; lastKnownFileType = sourcecode.c.h; path = DLAVAlertViewButtonTheme.h; sourceTree = "<group>"; };
		1E9E50851E4B1D0E00CE1F38 /* DLAVAlertViewButtonTheme.m */ = {isa = PBXFileReference; fileEncoding = 4; lastKnownFileType = sourcecode.c.objc; path = DLAVAlertViewButtonTheme.m; sourceTree = "<group>"; };
		1E9E50861E4B1D0E00CE1F38 /* DLAVAlertViewController.h */ = {isa = PBXFileReference; fileEncoding = 4; lastKnownFileType = sourcecode.c.h; path = DLAVAlertViewController.h; sourceTree = "<group>"; };
		1E9E50871E4B1D0E00CE1F38 /* DLAVAlertViewController.m */ = {isa = PBXFileReference; fileEncoding = 4; lastKnownFileType = sourcecode.c.objc; path = DLAVAlertViewController.m; sourceTree = "<group>"; };
		1E9E50881E4B1D0E00CE1F38 /* DLAVAlertViewTextControlTheme.h */ = {isa = PBXFileReference; fileEncoding = 4; lastKnownFileType = sourcecode.c.h; path = DLAVAlertViewTextControlTheme.h; sourceTree = "<group>"; };
		1E9E50891E4B1D0E00CE1F38 /* DLAVAlertViewTextControlTheme.m */ = {isa = PBXFileReference; fileEncoding = 4; lastKnownFileType = sourcecode.c.objc; path = DLAVAlertViewTextControlTheme.m; sourceTree = "<group>"; };
		1E9E508A1E4B1D0E00CE1F38 /* DLAVAlertViewTextFieldTheme.h */ = {isa = PBXFileReference; fileEncoding = 4; lastKnownFileType = sourcecode.c.h; path = DLAVAlertViewTextFieldTheme.h; sourceTree = "<group>"; };
		1E9E508B1E4B1D0E00CE1F38 /* DLAVAlertViewTextFieldTheme.m */ = {isa = PBXFileReference; fileEncoding = 4; lastKnownFileType = sourcecode.c.objc; path = DLAVAlertViewTextFieldTheme.m; sourceTree = "<group>"; };
		1E9E508C1E4B1D0E00CE1F38 /* DLAVAlertViewTheme.h */ = {isa = PBXFileReference; fileEncoding = 4; lastKnownFileType = sourcecode.c.h; path = DLAVAlertViewTheme.h; sourceTree = "<group>"; };
		1E9E508D1E4B1D0E00CE1F38 /* DLAVAlertViewTheme.m */ = {isa = PBXFileReference; fileEncoding = 4; lastKnownFileType = sourcecode.c.objc; path = DLAVAlertViewTheme.m; sourceTree = "<group>"; };
		1E9E508F1E4B1D0E00CE1F38 /* DropDownView.h */ = {isa = PBXFileReference; fileEncoding = 4; lastKnownFileType = sourcecode.c.h; path = DropDownView.h; sourceTree = "<group>"; };
		1E9E50901E4B1D0E00CE1F38 /* DropDownView.m */ = {isa = PBXFileReference; fileEncoding = 4; lastKnownFileType = sourcecode.c.objc; path = DropDownView.m; sourceTree = "<group>"; };
		1E9E50911E4B1D0E00CE1F38 /* DropDownView.xib */ = {isa = PBXFileReference; fileEncoding = 4; lastKnownFileType = file.xib; path = DropDownView.xib; sourceTree = "<group>"; };
		1E9E50921E4B1D0E00CE1F38 /* MKDropdownMenu.h */ = {isa = PBXFileReference; fileEncoding = 4; lastKnownFileType = sourcecode.c.h; path = MKDropdownMenu.h; sourceTree = "<group>"; };
		1E9E50931E4B1D0E00CE1F38 /* MKDropdownMenu.m */ = {isa = PBXFileReference; fileEncoding = 4; lastKnownFileType = sourcecode.c.objc; path = MKDropdownMenu.m; sourceTree = "<group>"; };
		1EA792821E94CD2A0012E710 /* GroupMembersViewController.h */ = {isa = PBXFileReference; fileEncoding = 4; lastKnownFileType = sourcecode.c.h; path = GroupMembersViewController.h; sourceTree = "<group>"; };
		1EA792831E94CD2A0012E710 /* GroupMembersViewController.m */ = {isa = PBXFileReference; fileEncoding = 4; lastKnownFileType = sourcecode.c.objc; path = GroupMembersViewController.m; sourceTree = "<group>"; };
		1EA792851E94EBD40012E710 /* Member.png */ = {isa = PBXFileReference; lastKnownFileType = image.png; path = Member.png; sourceTree = "<group>"; };
		1EBAC9E51E9254B3007F04FB /* GroupFilesViewController.h */ = {isa = PBXFileReference; fileEncoding = 4; lastKnownFileType = sourcecode.c.h; path = GroupFilesViewController.h; sourceTree = "<group>"; };
		1EBAC9E61E9254B3007F04FB /* GroupFilesViewController.m */ = {isa = PBXFileReference; fileEncoding = 4; lastKnownFileType = sourcecode.c.objc; path = GroupFilesViewController.m; sourceTree = "<group>"; };
		1EC6B8AD2878773D007B485C /* unchecked-checkbox.png */ = {isa = PBXFileReference; lastKnownFileType = image.png; path = "unchecked-checkbox.png"; sourceTree = "<group>"; };
		1EC6B8AE2878774A007B485C /* checked-checkbox.png */ = {isa = PBXFileReference; lastKnownFileType = image.png; path = "checked-checkbox.png"; sourceTree = "<group>"; };
		1ECAC2CB1E713527003C92A3 /* BayunS3-Test.entitlements */ = {isa = PBXFileReference; lastKnownFileType = text.plist.entitlements; path = "BayunS3-Test.entitlements"; sourceTree = "<group>"; };
		1ECAC2CC1E728873003C92A3 /* GroupIcon.png */ = {isa = PBXFileReference; lastKnownFileType = image.png; path = GroupIcon.png; sourceTree = "<group>"; };
		1ECAC2CE1E728ACE003C92A3 /* GroupIcon2.png */ = {isa = PBXFileReference; lastKnownFileType = image.png; path = GroupIcon2.png; sourceTree = "<group>"; };
		1EF100201D22616F00952D33 /* ALAlertBanner+Private.h */ = {isa = PBXFileReference; fileEncoding = 4; lastKnownFileType = sourcecode.c.h; path = "ALAlertBanner+Private.h"; sourceTree = "<group>"; };
		1EF100211D22616F00952D33 /* ALAlertBanner.h */ = {isa = PBXFileReference; fileEncoding = 4; lastKnownFileType = sourcecode.c.h; path = ALAlertBanner.h; sourceTree = "<group>"; };
		1EF100221D22616F00952D33 /* ALAlertBanner.m */ = {isa = PBXFileReference; fileEncoding = 4; lastKnownFileType = sourcecode.c.objc; path = ALAlertBanner.m; sourceTree = "<group>"; };
		1EF100231D22616F00952D33 /* ALAlertBannerManager.h */ = {isa = PBXFileReference; fileEncoding = 4; lastKnownFileType = sourcecode.c.h; path = ALAlertBannerManager.h; sourceTree = "<group>"; };
		1EF100241D22616F00952D33 /* ALAlertBannerManager.m */ = {isa = PBXFileReference; fileEncoding = 4; lastKnownFileType = sourcecode.c.objc; path = ALAlertBannerManager.m; sourceTree = "<group>"; };
		1EF100261D22616F00952D33 /* bannerAlert.png */ = {isa = PBXFileReference; lastKnownFileType = image.png; path = bannerAlert.png; sourceTree = "<group>"; };
		1EF100271D22616F00952D33 /* bannerAlert@2x.png */ = {isa = PBXFileReference; lastKnownFileType = image.png; path = "bannerAlert@2x.png"; sourceTree = "<group>"; };
		1EF100281D22616F00952D33 /* bannerFailure.png */ = {isa = PBXFileReference; lastKnownFileType = image.png; path = bannerFailure.png; sourceTree = "<group>"; };
		1EF100291D22616F00952D33 /* bannerFailure@2x.png */ = {isa = PBXFileReference; lastKnownFileType = image.png; path = "bannerFailure@2x.png"; sourceTree = "<group>"; };
		1EF1002A1D22616F00952D33 /* bannerNotify.png */ = {isa = PBXFileReference; lastKnownFileType = image.png; path = bannerNotify.png; sourceTree = "<group>"; };
		1EF1002B1D22616F00952D33 /* bannerNotify@2x.png */ = {isa = PBXFileReference; lastKnownFileType = image.png; path = "bannerNotify@2x.png"; sourceTree = "<group>"; };
		1EF1002C1D22616F00952D33 /* bannerSuccess.png */ = {isa = PBXFileReference; lastKnownFileType = image.png; path = bannerSuccess.png; sourceTree = "<group>"; };
		1EF1002D1D22616F00952D33 /* bannerSuccess@2x.png */ = {isa = PBXFileReference; lastKnownFileType = image.png; path = "bannerSuccess@2x.png"; sourceTree = "<group>"; };
		1EF3F3601D213831009D0B72 /* BayunS3.app */ = {isa = PBXFileReference; explicitFileType = wrapper.application; includeInIndex = 0; path = BayunS3.app; sourceTree = BUILT_PRODUCTS_DIR; };
		1EF3F3641D213831009D0B72 /* main.m */ = {isa = PBXFileReference; lastKnownFileType = sourcecode.c.objc; path = main.m; sourceTree = "<group>"; };
		1EF3F36D1D213831009D0B72 /* Base */ = {isa = PBXFileReference; lastKnownFileType = file.storyboard; name = Base; path = Base.lproj/Main.storyboard; sourceTree = "<group>"; };
		1EF3F3701D213831009D0B72 /* BayunS3.xcdatamodel */ = {isa = PBXFileReference; lastKnownFileType = wrapper.xcdatamodel; path = BayunS3.xcdatamodel; sourceTree = "<group>"; };
		1EF3F3751D213831009D0B72 /* Base */ = {isa = PBXFileReference; lastKnownFileType = file.storyboard; name = Base; path = Base.lproj/LaunchScreen.storyboard; sourceTree = "<group>"; };
		1EF3F3771D213831009D0B72 /* Info.plist */ = {isa = PBXFileReference; lastKnownFileType = text.plist.xml; path = Info.plist; sourceTree = "<group>"; };
		1EF3F37C1D213831009D0B72 /* BayunS3Tests.xctest */ = {isa = PBXFileReference; explicitFileType = wrapper.cfbundle; includeInIndex = 0; path = BayunS3Tests.xctest; sourceTree = BUILT_PRODUCTS_DIR; };
		1EF3F3801D213831009D0B72 /* BayunS3Tests.m */ = {isa = PBXFileReference; lastKnownFileType = sourcecode.c.objc; path = BayunS3Tests.m; sourceTree = "<group>"; };
		1EF3F3821D213831009D0B72 /* Info.plist */ = {isa = PBXFileReference; lastKnownFileType = text.plist.xml; path = Info.plist; sourceTree = "<group>"; };
		1EF3F3871D213831009D0B72 /* BayunS3UITests.xctest */ = {isa = PBXFileReference; explicitFileType = wrapper.cfbundle; includeInIndex = 0; path = BayunS3UITests.xctest; sourceTree = BUILT_PRODUCTS_DIR; };
		1EF3F38B1D213831009D0B72 /* BayunS3UITests.m */ = {isa = PBXFileReference; lastKnownFileType = sourcecode.c.objc; path = BayunS3UITests.m; sourceTree = "<group>"; };
		1EF3F38D1D213831009D0B72 /* Info.plist */ = {isa = PBXFileReference; lastKnownFileType = text.plist.xml; path = Info.plist; sourceTree = "<group>"; };
		1EF3F39A1D213923009D0B72 /* NSDate+TimeAgoConversion.h */ = {isa = PBXFileReference; fileEncoding = 4; lastKnownFileType = sourcecode.c.h; path = "NSDate+TimeAgoConversion.h"; sourceTree = "<group>"; };
		1EF3F39B1D213923009D0B72 /* NSDate+TimeAgoConversion.m */ = {isa = PBXFileReference; fileEncoding = 4; lastKnownFileType = sourcecode.c.objc; path = "NSDate+TimeAgoConversion.m"; sourceTree = "<group>"; };
		1EF3F3AC1D213923009D0B72 /* AppConfig.h */ = {isa = PBXFileReference; fileEncoding = 4; lastKnownFileType = sourcecode.c.h; path = AppConfig.h; sourceTree = "<group>"; };
		1EF3F3AD1D213923009D0B72 /* AWSManager.h */ = {isa = PBXFileReference; fileEncoding = 4; lastKnownFileType = sourcecode.c.h; path = AWSManager.h; sourceTree = "<group>"; };
		1EF3F3AE1D213923009D0B72 /* AWSManager.m */ = {isa = PBXFileReference; fileEncoding = 4; lastKnownFileType = sourcecode.c.objc; path = AWSManager.m; sourceTree = "<group>"; };
		1EF3F3AF1D213923009D0B72 /* Constants.h */ = {isa = PBXFileReference; fileEncoding = 4; lastKnownFileType = sourcecode.c.h; path = Constants.h; sourceTree = "<group>"; };
		1EF3F3B01D213923009D0B72 /* Constants.m */ = {isa = PBXFileReference; fileEncoding = 4; lastKnownFileType = sourcecode.c.objc; path = Constants.m; sourceTree = "<group>"; };
		1EF3F3B51D213923009D0B72 /* Utilities.h */ = {isa = PBXFileReference; fileEncoding = 4; lastKnownFileType = sourcecode.c.h; path = Utilities.h; sourceTree = "<group>"; };
		1EF3F3B61D213923009D0B72 /* Utilities.m */ = {isa = PBXFileReference; fileEncoding = 4; lastKnownFileType = sourcecode.c.objc; path = Utilities.m; sourceTree = "<group>"; };
		1EF3F3B81D213923009D0B72 /* 37x-Checkmark.png */ = {isa = PBXFileReference; lastKnownFileType = image.png; path = "37x-Checkmark.png"; sourceTree = "<group>"; };
		1EF3F3B91D213923009D0B72 /* 37x-Checkmark@2x.png */ = {isa = PBXFileReference; lastKnownFileType = image.png; path = "37x-Checkmark@2x.png"; sourceTree = "<group>"; };
		1EF3F3BA1D213923009D0B72 /* app_icon.png */ = {isa = PBXFileReference; lastKnownFileType = image.png; path = app_icon.png; sourceTree = "<group>"; };
		1EF3F3BB1D213923009D0B72 /* backarrow.png */ = {isa = PBXFileReference; lastKnownFileType = image.png; path = backarrow.png; sourceTree = "<group>"; };
		1EF3F3BC1D213923009D0B72 /* backgroungImage-568h@2x.png */ = {isa = PBXFileReference; lastKnownFileType = image.png; path = "backgroungImage-568h@2x.png"; sourceTree = "<group>"; };
		1EF3F3BD1D213923009D0B72 /* backgroungImage.png */ = {isa = PBXFileReference; lastKnownFileType = image.png; path = backgroungImage.png; sourceTree = "<group>"; };
		1EF3F3BE1D213923009D0B72 /* backgroungImage@2x.png */ = {isa = PBXFileReference; lastKnownFileType = image.png; path = "backgroungImage@2x.png"; sourceTree = "<group>"; };
		1EF3F3BF1D213923009D0B72 /* fileImage.png */ = {isa = PBXFileReference; lastKnownFileType = image.png; path = fileImage.png; sourceTree = "<group>"; };
		1EF3F3C01D213923009D0B72 /* fileImage@2x.png */ = {isa = PBXFileReference; lastKnownFileType = image.png; path = "fileImage@2x.png"; sourceTree = "<group>"; };
		1EF3F3C11D213923009D0B72 /* register_button.png */ = {isa = PBXFileReference; lastKnownFileType = image.png; path = register_button.png; sourceTree = "<group>"; };
		1EF3F3C21D213923009D0B72 /* splashScreen.png */ = {isa = PBXFileReference; lastKnownFileType = image.png; path = splashScreen.png; sourceTree = "<group>"; };
		1EF3F3C91D213923009D0B72 /* CreateTextFileViewController.h */ = {isa = PBXFileReference; fileEncoding = 4; lastKnownFileType = sourcecode.c.h; path = CreateTextFileViewController.h; sourceTree = "<group>"; };
		1EF3F3CA1D213923009D0B72 /* CreateTextFileViewController.m */ = {isa = PBXFileReference; fileEncoding = 4; lastKnownFileType = sourcecode.c.objc; path = CreateTextFileViewController.m; sourceTree = "<group>"; };
		1EF3F3CB1D213923009D0B72 /* ListFilesViewController.h */ = {isa = PBXFileReference; fileEncoding = 4; lastKnownFileType = sourcecode.c.h; path = ListFilesViewController.h; sourceTree = "<group>"; };
		1EF3F3CC1D213923009D0B72 /* ListFilesViewController.m */ = {isa = PBXFileReference; fileEncoding = 4; lastKnownFileType = sourcecode.c.objc; path = ListFilesViewController.m; sourceTree = "<group>"; };
		1EF3F3F61D213E69009D0B72 /* BayunS3.pch */ = {isa = PBXFileReference; fileEncoding = 4; lastKnownFileType = sourcecode.c.h; path = BayunS3.pch; sourceTree = "<group>"; };
		1EF3F3F71D214229009D0B72 /* BayunS3.entitlements */ = {isa = PBXFileReference; lastKnownFileType = text.xml; path = BayunS3.entitlements; sourceTree = "<group>"; };
		702E43ACA23516CD2818E520 /* Pods_BayunS3.framework */ = {isa = PBXFileReference; explicitFileType = wrapper.framework; includeInIndex = 0; path = Pods_BayunS3.framework; sourceTree = BUILT_PRODUCTS_DIR; };
		DA4247B740D3AAF1C6C825BA /* Pods-BayunS3.debug.xcconfig */ = {isa = PBXFileReference; includeInIndex = 1; lastKnownFileType = text.xcconfig; name = "Pods-BayunS3.debug.xcconfig"; path = "Pods/Target Support Files/Pods-BayunS3/Pods-BayunS3.debug.xcconfig"; sourceTree = "<group>"; };
		E256A017F4E966D6DA728607 /* Pods-BayunS3.release.xcconfig */ = {isa = PBXFileReference; includeInIndex = 1; lastKnownFileType = text.xcconfig; name = "Pods-BayunS3.release.xcconfig"; path = "Pods/Target Support Files/Pods-BayunS3/Pods-BayunS3.release.xcconfig"; sourceTree = "<group>"; };
/* End PBXFileReference section */

/* Begin PBXFrameworksBuildPhase section */
		1EF3F35D1D213831009D0B72 /* Frameworks */ = {
			isa = PBXFrameworksBuildPhase;
			buildActionMask = 2147483647;
			files = (
				1E718F812851132D00420578 /* Bayun.framework in Frameworks */,
				127DF80104BC2855A87DAA26 /* Pods_BayunS3.framework in Frameworks */,
			);
			runOnlyForDeploymentPostprocessing = 0;
		};
		1EF3F3791D213831009D0B72 /* Frameworks */ = {
			isa = PBXFrameworksBuildPhase;
			buildActionMask = 2147483647;
			files = (
			);
			runOnlyForDeploymentPostprocessing = 0;
		};
		1EF3F3841D213831009D0B72 /* Frameworks */ = {
			isa = PBXFrameworksBuildPhase;
			buildActionMask = 2147483647;
			files = (
			);
			runOnlyForDeploymentPostprocessing = 0;
		};
/* End PBXFrameworksBuildPhase section */

/* Begin PBXGroup section */
		1E648FA61D252A3200A53D85 /* SVProgressHUD */ = {
			isa = PBXGroup;
			children = (
				1E648FA71D252A3200A53D85 /* SVIndefiniteAnimatedView.h */,
				1E648FA81D252A3200A53D85 /* SVIndefiniteAnimatedView.m */,
				1E648FA91D252A3200A53D85 /* SVProgressAnimatedView.h */,
				1E648FAA1D252A3200A53D85 /* SVProgressAnimatedView.m */,
				1E648FAB1D252A3200A53D85 /* SVProgressHUD-Prefix.pch */,
				1E648FAC1D252A3200A53D85 /* SVProgressHUD.bundle */,
				1E648FAD1D252A3200A53D85 /* SVProgressHUD.h */,
				1E648FAE1D252A3200A53D85 /* SVProgressHUD.m */,
				1E648FAF1D252A3200A53D85 /* SVRadialGradientLayer.h */,
				1E648FB01D252A3200A53D85 /* SVRadialGradientLayer.m */,
			);
			path = SVProgressHUD;
			sourceTree = "<group>";
		};
		1E83AE111D41FBD200469E3C /* SecureAWSS3 */ = {
			isa = PBXGroup;
			children = (
				1E1974AE2914FD8F007B7625 /* SecureAWSS3TransferUtility.h */,
				1E1974AF2914FD8F007B7625 /* SecureAWSS3TransferUtility.m */,
				1E63D69A1F6BFE2E004B3E08 /* SecureAuthentication.h */,
				1E63D69B1F6BFE2E004B3E08 /* SecureAuthentication.m */,
				1E83AE121D41FBD200469E3C /* SecureAWSS3Service.h */,
				1E83AE131D41FBD200469E3C /* SecureAWSS3Service.m */,
			);
			path = SecureAWSS3;
			sourceTree = "<group>";
		};
		1E9E50811E4B1D0E00CE1F38 /* CustomAlertView */ = {
			isa = PBXGroup;
			children = (
				1E9E50821E4B1D0E00CE1F38 /* DLAVAlertView.h */,
				1E9E50831E4B1D0E00CE1F38 /* DLAVAlertView.m */,
				1E9E50841E4B1D0E00CE1F38 /* DLAVAlertViewButtonTheme.h */,
				1E9E50851E4B1D0E00CE1F38 /* DLAVAlertViewButtonTheme.m */,
				1E9E50861E4B1D0E00CE1F38 /* DLAVAlertViewController.h */,
				1E9E50871E4B1D0E00CE1F38 /* DLAVAlertViewController.m */,
				1E9E50881E4B1D0E00CE1F38 /* DLAVAlertViewTextControlTheme.h */,
				1E9E50891E4B1D0E00CE1F38 /* DLAVAlertViewTextControlTheme.m */,
				1E9E508A1E4B1D0E00CE1F38 /* DLAVAlertViewTextFieldTheme.h */,
				1E9E508B1E4B1D0E00CE1F38 /* DLAVAlertViewTextFieldTheme.m */,
				1E9E508C1E4B1D0E00CE1F38 /* DLAVAlertViewTheme.h */,
				1E9E508D1E4B1D0E00CE1F38 /* DLAVAlertViewTheme.m */,
			);
			path = CustomAlertView;
			sourceTree = "<group>";
		};
		1E9E508E1E4B1D0E00CE1F38 /* DropDown */ = {
			isa = PBXGroup;
			children = (
				1E9E508F1E4B1D0E00CE1F38 /* DropDownView.h */,
				1E9E50901E4B1D0E00CE1F38 /* DropDownView.m */,
				1E9E50911E4B1D0E00CE1F38 /* DropDownView.xib */,
				1E9E50921E4B1D0E00CE1F38 /* MKDropdownMenu.h */,
				1E9E50931E4B1D0E00CE1F38 /* MKDropdownMenu.m */,
			);
			path = DropDown;
			sourceTree = "<group>";
		};
		1EF1001E1D22616F00952D33 /* CustomControls */ = {
			isa = PBXGroup;
			children = (
				1E9E50811E4B1D0E00CE1F38 /* CustomAlertView */,
				1E9E508E1E4B1D0E00CE1F38 /* DropDown */,
				1E648FA61D252A3200A53D85 /* SVProgressHUD */,
				1EF1001F1D22616F00952D33 /* ALAlertBanner */,
			);
			path = CustomControls;
			sourceTree = "<group>";
		};
		1EF1001F1D22616F00952D33 /* ALAlertBanner */ = {
			isa = PBXGroup;
			children = (
				1EF100201D22616F00952D33 /* ALAlertBanner+Private.h */,
				1EF100211D22616F00952D33 /* ALAlertBanner.h */,
				1EF100221D22616F00952D33 /* ALAlertBanner.m */,
				1EF100231D22616F00952D33 /* ALAlertBannerManager.h */,
				1EF100241D22616F00952D33 /* ALAlertBannerManager.m */,
				1EF100251D22616F00952D33 /* Images */,
			);
			path = ALAlertBanner;
			sourceTree = "<group>";
		};
		1EF100251D22616F00952D33 /* Images */ = {
			isa = PBXGroup;
			children = (
				1EF100261D22616F00952D33 /* bannerAlert.png */,
				1EF100271D22616F00952D33 /* bannerAlert@2x.png */,
				1EF100281D22616F00952D33 /* bannerFailure.png */,
				1EF100291D22616F00952D33 /* bannerFailure@2x.png */,
				1EF1002A1D22616F00952D33 /* bannerNotify.png */,
				1EF1002B1D22616F00952D33 /* bannerNotify@2x.png */,
				1EF1002C1D22616F00952D33 /* bannerSuccess.png */,
				1EF1002D1D22616F00952D33 /* bannerSuccess@2x.png */,
			);
			path = Images;
			sourceTree = "<group>";
		};
		1EF3F3571D213831009D0B72 = {
			isa = PBXGroup;
			children = (
				1EF3F3621D213831009D0B72 /* BayunS3 */,
				1EF3F37F1D213831009D0B72 /* BayunS3Tests */,
				1EF3F38A1D213831009D0B72 /* BayunS3UITests */,
				1EF3F3611D213831009D0B72 /* Products */,
				B62F3725D8B3392DBD827923 /* Frameworks */,
				6CF88D13EF750F4A0812DBA2 /* Pods */,
			);
			sourceTree = "<group>";
		};
		1EF3F3611D213831009D0B72 /* Products */ = {
			isa = PBXGroup;
			children = (
				1EF3F3601D213831009D0B72 /* BayunS3.app */,
				1EF3F37C1D213831009D0B72 /* BayunS3Tests.xctest */,
				1EF3F3871D213831009D0B72 /* BayunS3UITests.xctest */,
			);
			name = Products;
			sourceTree = "<group>";
		};
		1EF3F3621D213831009D0B72 /* BayunS3 */ = {
			isa = PBXGroup;
			children = (
				1E34670E1F503406005049BF /* AppDelegate.h */,
				1E34670F1F503406005049BF /* AppDelegate.m */,
				1E83AE111D41FBD200469E3C /* SecureAWSS3 */,
				1EF1001E1D22616F00952D33 /* CustomControls */,
				1EF3F3991D213923009D0B72 /* Categories */,
				1EF3F39C1D213923009D0B72 /* Classes */,
				1EF3F3B71D213923009D0B72 /* Resources */,
				1EF3F3C81D213923009D0B72 /* ViewControllers */,
				1EF3F36C1D213831009D0B72 /* Main.storyboard */,
				1E6BBAE31D2146BD0025AE2D /* Images.xcassets */,
				1EF3F3741D213831009D0B72 /* LaunchScreen.storyboard */,
				1ECAC2CB1E713527003C92A3 /* BayunS3-Test.entitlements */,
				1EF3F3771D213831009D0B72 /* Info.plist */,
				1EF3F3F61D213E69009D0B72 /* BayunS3.pch */,
				1EF3F3F71D214229009D0B72 /* BayunS3.entitlements */,
				1EF3F36F1D213831009D0B72 /* BayunS3.xcdatamodeld */,
				1EF3F3631D213831009D0B72 /* Supporting Files */,
			);
			path = BayunS3;
			sourceTree = "<group>";
		};
		1EF3F3631D213831009D0B72 /* Supporting Files */ = {
			isa = PBXGroup;
			children = (
				1EF3F3641D213831009D0B72 /* main.m */,
			);
			name = "Supporting Files";
			sourceTree = "<group>";
		};
		1EF3F37F1D213831009D0B72 /* BayunS3Tests */ = {
			isa = PBXGroup;
			children = (
				1EF3F3801D213831009D0B72 /* BayunS3Tests.m */,
				1EF3F3821D213831009D0B72 /* Info.plist */,
			);
			path = BayunS3Tests;
			sourceTree = "<group>";
		};
		1EF3F38A1D213831009D0B72 /* BayunS3UITests */ = {
			isa = PBXGroup;
			children = (
				1EF3F38B1D213831009D0B72 /* BayunS3UITests.m */,
				1EF3F38D1D213831009D0B72 /* Info.plist */,
			);
			path = BayunS3UITests;
			sourceTree = "<group>";
		};
		1EF3F3991D213923009D0B72 /* Categories */ = {
			isa = PBXGroup;
			children = (
				1EF3F39A1D213923009D0B72 /* NSDate+TimeAgoConversion.h */,
				1EF3F39B1D213923009D0B72 /* NSDate+TimeAgoConversion.m */,
			);
			path = Categories;
			sourceTree = "<group>";
		};
		1EF3F39C1D213923009D0B72 /* Classes */ = {
			isa = PBXGroup;
			children = (
				1EF3F3AC1D213923009D0B72 /* AppConfig.h */,
				1EF3F3AD1D213923009D0B72 /* AWSManager.h */,
				1EF3F3AE1D213923009D0B72 /* AWSManager.m */,
				1EF3F3AF1D213923009D0B72 /* Constants.h */,
				1EF3F3B01D213923009D0B72 /* Constants.m */,
				1EF3F3B51D213923009D0B72 /* Utilities.h */,
				1EF3F3B61D213923009D0B72 /* Utilities.m */,
			);
			path = Classes;
			sourceTree = "<group>";
		};
		1EF3F3B71D213923009D0B72 /* Resources */ = {
			isa = PBXGroup;
			children = (
				1EC6B8AE2878774A007B485C /* checked-checkbox.png */,
				1EC6B8AD2878773D007B485C /* unchecked-checkbox.png */,
				1E3467091F4ECBAB005049BF /* CognitoLogo.png */,
				1EA792851E94EBD40012E710 /* Member.png */,
				1ECAC2CE1E728ACE003C92A3 /* GroupIcon2.png */,
				1ECAC2CC1E728873003C92A3 /* GroupIcon.png */,
				1EF3F3B81D213923009D0B72 /* 37x-Checkmark.png */,
				1EF3F3B91D213923009D0B72 /* 37x-Checkmark@2x.png */,
				1EF3F3BA1D213923009D0B72 /* app_icon.png */,
				1EF3F3BB1D213923009D0B72 /* backarrow.png */,
				1EF3F3BC1D213923009D0B72 /* backgroungImage-568h@2x.png */,
				1EF3F3BD1D213923009D0B72 /* backgroungImage.png */,
				1EF3F3BE1D213923009D0B72 /* backgroungImage@2x.png */,
				1EF3F3BF1D213923009D0B72 /* fileImage.png */,
				1EF3F3C01D213923009D0B72 /* fileImage@2x.png */,
				1EF3F3C11D213923009D0B72 /* register_button.png */,
				1EF3F3C21D213923009D0B72 /* splashScreen.png */,
			);
			path = Resources;
			sourceTree = "<group>";
		};
		1EF3F3C81D213923009D0B72 /* ViewControllers */ = {
			isa = PBXGroup;
			children = (
				1E3467061F4ECAFE005049BF /* SignInViewController.h */,
				1E3467071F4ECAFE005049BF /* SignInViewController.m */,
				1E9A8D651F4D8E5F00FA494D /* ConfirmSignUpViewController.h */,
				1E9A8D661F4D8E5F00FA494D /* ConfirmSignUpViewController.m */,
				1E9A8D621F4D8E4300FA494D /* SignUpViewController.h */,
				1E9A8D631F4D8E4300FA494D /* SignUpViewController.m */,
				1EF3F3C91D213923009D0B72 /* CreateTextFileViewController.h */,
				1EF3F3CA1D213923009D0B72 /* CreateTextFileViewController.m */,
				1EF3F3CB1D213923009D0B72 /* ListFilesViewController.h */,
				1EF3F3CC1D213923009D0B72 /* ListFilesViewController.m */,
				1E8DCBBD1E6D6FAC004D42B0 /* GroupsViewController.h */,
				1E8DCBBE1E6D6FAC004D42B0 /* GroupsViewController.m */,
				1EBAC9E51E9254B3007F04FB /* GroupFilesViewController.h */,
				1EBAC9E61E9254B3007F04FB /* GroupFilesViewController.m */,
				1EA792821E94CD2A0012E710 /* GroupMembersViewController.h */,
				1EA792831E94CD2A0012E710 /* GroupMembersViewController.m */,
			);
			path = ViewControllers;
			sourceTree = "<group>";
		};
		6CF88D13EF750F4A0812DBA2 /* Pods */ = {
			isa = PBXGroup;
			children = (
				DA4247B740D3AAF1C6C825BA /* Pods-BayunS3.debug.xcconfig */,
				E256A017F4E966D6DA728607 /* Pods-BayunS3.release.xcconfig */,
			);
			name = Pods;
			sourceTree = "<group>";
		};
		B62F3725D8B3392DBD827923 /* Frameworks */ = {
			isa = PBXGroup;
			children = (
				1E718F7F285111F600420578 /* Bayun.framework */,
				702E43ACA23516CD2818E520 /* Pods_BayunS3.framework */,
			);
			name = Frameworks;
			sourceTree = "<group>";
		};
/* End PBXGroup section */

/* Begin PBXNativeTarget section */
		1EF3F35F1D213831009D0B72 /* BayunS3 */ = {
			isa = PBXNativeTarget;
			buildConfigurationList = 1EF3F3901D213831009D0B72 /* Build configuration list for PBXNativeTarget "BayunS3" */;
			buildPhases = (
				D88AA58CAC1BAC909F8D26E9 /* [CP] Check Pods Manifest.lock */,
				1EF3F35C1D213831009D0B72 /* Sources */,
				1EF3F35D1D213831009D0B72 /* Frameworks */,
				1EF3F35E1D213831009D0B72 /* Resources */,
				1EACD3D220B2ECF600C9216D /* ShellScript */,
				1E96D40C2785D86600BFE6BF /* Embed Frameworks */,
			);
			buildRules = (
			);
			dependencies = (
			);
			name = BayunS3;
			productName = BayunS3;
			productReference = 1EF3F3601D213831009D0B72 /* BayunS3.app */;
			productType = "com.apple.product-type.application";
		};
		1EF3F37B1D213831009D0B72 /* BayunS3Tests */ = {
			isa = PBXNativeTarget;
			buildConfigurationList = 1EF3F3931D213831009D0B72 /* Build configuration list for PBXNativeTarget "BayunS3Tests" */;
			buildPhases = (
				1EF3F3781D213831009D0B72 /* Sources */,
				1EF3F3791D213831009D0B72 /* Frameworks */,
				1EF3F37A1D213831009D0B72 /* Resources */,
			);
			buildRules = (
			);
			dependencies = (
				1EF3F37E1D213831009D0B72 /* PBXTargetDependency */,
			);
			name = BayunS3Tests;
			productName = BayunS3Tests;
			productReference = 1EF3F37C1D213831009D0B72 /* BayunS3Tests.xctest */;
			productType = "com.apple.product-type.bundle.unit-test";
		};
		1EF3F3861D213831009D0B72 /* BayunS3UITests */ = {
			isa = PBXNativeTarget;
			buildConfigurationList = 1EF3F3961D213831009D0B72 /* Build configuration list for PBXNativeTarget "BayunS3UITests" */;
			buildPhases = (
				1EF3F3831D213831009D0B72 /* Sources */,
				1EF3F3841D213831009D0B72 /* Frameworks */,
				1EF3F3851D213831009D0B72 /* Resources */,
			);
			buildRules = (
			);
			dependencies = (
				1EF3F3891D213831009D0B72 /* PBXTargetDependency */,
			);
			name = BayunS3UITests;
			productName = BayunS3UITests;
			productReference = 1EF3F3871D213831009D0B72 /* BayunS3UITests.xctest */;
			productType = "com.apple.product-type.bundle.ui-testing";
		};
/* End PBXNativeTarget section */

/* Begin PBXProject section */
		1EF3F3581D213831009D0B72 /* Project object */ = {
			isa = PBXProject;
			attributes = {
				LastUpgradeCheck = 0910;
				ORGANIZATIONNAME = bayun;
				TargetAttributes = {
					1EF3F35F1D213831009D0B72 = {
						CreatedOnToolsVersion = 7.3;
						DevelopmentTeam = 9Y95R85FXY;
						ProvisioningStyle = Automatic;
						SystemCapabilities = {
							com.apple.Keychain = {
								enabled = 0;
							};
							com.apple.Push = {
								enabled = 0;
							};
							com.apple.iCloud = {
								enabled = 1;
							};
						};
					};
					1EF3F37B1D213831009D0B72 = {
						CreatedOnToolsVersion = 7.3;
						DevelopmentTeam = RL8J62A42V;
						TestTargetID = 1EF3F35F1D213831009D0B72;
					};
					1EF3F3861D213831009D0B72 = {
						CreatedOnToolsVersion = 7.3;
						DevelopmentTeam = RL8J62A42V;
						TestTargetID = 1EF3F35F1D213831009D0B72;
					};
				};
			};
			buildConfigurationList = 1EF3F35B1D213831009D0B72 /* Build configuration list for PBXProject "BayunS3" */;
			compatibilityVersion = "Xcode 3.2";
			developmentRegion = en;
			hasScannedForEncodings = 0;
			knownRegions = (
				en,
				Base,
			);
			mainGroup = 1EF3F3571D213831009D0B72;
			productRefGroup = 1EF3F3611D213831009D0B72 /* Products */;
			projectDirPath = "";
			projectRoot = "";
			targets = (
				1EF3F35F1D213831009D0B72 /* BayunS3 */,
				1EF3F37B1D213831009D0B72 /* BayunS3Tests */,
				1EF3F3861D213831009D0B72 /* BayunS3UITests */,
			);
		};
/* End PBXProject section */

/* Begin PBXResourcesBuildPhase section */
		1EF3F35E1D213831009D0B72 /* Resources */ = {
			isa = PBXResourcesBuildPhase;
			buildActionMask = 2147483647;
			files = (
				1EF3F3E51D213923009D0B72 /* backgroungImage-568h@2x.png in Resources */,
				1EF3F3761D213831009D0B72 /* LaunchScreen.storyboard in Resources */,
				1EF3F3E81D213923009D0B72 /* fileImage.png in Resources */,
				1EC6B8AF2878774A007B485C /* unchecked-checkbox.png in Resources */,
				1EC6B8B02878774A007B485C /* checked-checkbox.png in Resources */,
				1EF3F3E31D213923009D0B72 /* app_icon.png in Resources */,
				1EF3F3EB1D213923009D0B72 /* splashScreen.png in Resources */,
				1EF100341D22616F00952D33 /* bannerAlert.png in Resources */,
				1E34670A1F4ECBAB005049BF /* CognitoLogo.png in Resources */,
				1ECAC2CD1E728873003C92A3 /* GroupIcon.png in Resources */,
				1EF3F3E91D213923009D0B72 /* fileImage@2x.png in Resources */,
				1EF100381D22616F00952D33 /* bannerNotify.png in Resources */,
				1EF100391D22616F00952D33 /* bannerNotify@2x.png in Resources */,
				1E6BBAE41D2146BD0025AE2D /* Images.xcassets in Resources */,
				1EA792861E94EBD40012E710 /* Member.png in Resources */,
				1EF100371D22616F00952D33 /* bannerFailure@2x.png in Resources */,
				1ECAC2CF1E728ACE003C92A3 /* GroupIcon2.png in Resources */,
				1EF100351D22616F00952D33 /* bannerAlert@2x.png in Resources */,
				1EF3F3E21D213923009D0B72 /* 37x-Checkmark@2x.png in Resources */,
				1EF3F3E61D213923009D0B72 /* backgroungImage.png in Resources */,
				1EF3F3E11D213923009D0B72 /* 37x-Checkmark.png in Resources */,
				1EF3F3E41D213923009D0B72 /* backarrow.png in Resources */,
				1EF1003B1D22616F00952D33 /* bannerSuccess@2x.png in Resources */,
				1EF3F3EA1D213923009D0B72 /* register_button.png in Resources */,
				1E648FB31D252A3200A53D85 /* SVProgressHUD.bundle in Resources */,
				1E9E509B1E4B1D0E00CE1F38 /* DropDownView.xib in Resources */,
				1EF3F3E71D213923009D0B72 /* backgroungImage@2x.png in Resources */,
				1EF3F36E1D213831009D0B72 /* Main.storyboard in Resources */,
				1EF1003A1D22616F00952D33 /* bannerSuccess.png in Resources */,
				1EF100361D22616F00952D33 /* bannerFailure.png in Resources */,
			);
			runOnlyForDeploymentPostprocessing = 0;
		};
		1EF3F37A1D213831009D0B72 /* Resources */ = {
			isa = PBXResourcesBuildPhase;
			buildActionMask = 2147483647;
			files = (
			);
			runOnlyForDeploymentPostprocessing = 0;
		};
		1EF3F3851D213831009D0B72 /* Resources */ = {
			isa = PBXResourcesBuildPhase;
			buildActionMask = 2147483647;
			files = (
			);
			runOnlyForDeploymentPostprocessing = 0;
		};
/* End PBXResourcesBuildPhase section */

/* Begin PBXShellScriptBuildPhase section */
		1EACD3D220B2ECF600C9216D /* ShellScript */ = {
			isa = PBXShellScriptBuildPhase;
			buildActionMask = 8;
			files = (
			);
			inputPaths = (
			);
			outputPaths = (
			);
			runOnlyForDeploymentPostprocessing = 1;
			shellPath = /bin/sh;
			shellScript = "# Type a script or drag a script file from your workspace to insert its path.\n";
		};
		D88AA58CAC1BAC909F8D26E9 /* [CP] Check Pods Manifest.lock */ = {
			isa = PBXShellScriptBuildPhase;
			buildActionMask = 2147483647;
			files = (
			);
			inputPaths = (
				"${PODS_PODFILE_DIR_PATH}/Podfile.lock",
				"${PODS_ROOT}/Manifest.lock",
			);
			name = "[CP] Check Pods Manifest.lock";
			outputPaths = (
				"$(DERIVED_FILE_DIR)/Pods-BayunS3-checkManifestLockResult.txt",
			);
			runOnlyForDeploymentPostprocessing = 0;
			shellPath = /bin/sh;
			shellScript = "diff \"${PODS_PODFILE_DIR_PATH}/Podfile.lock\" \"${PODS_ROOT}/Manifest.lock\" > /dev/null\nif [ $? != 0 ] ; then\n    # print error to STDERR\n    echo \"error: The sandbox is not in sync with the Podfile.lock. Run 'pod install' or update your CocoaPods installation.\" >&2\n    exit 1\nfi\n# This output is used by Xcode 'outputs' to avoid re-running this script phase.\necho \"SUCCESS\" > \"${SCRIPT_OUTPUT_FILE_0}\"\n";
			showEnvVarsInLog = 0;
		};
/* End PBXShellScriptBuildPhase section */

/* Begin PBXSourcesBuildPhase section */
		1EF3F35C1D213831009D0B72 /* Sources */ = {
			isa = PBXSourcesBuildPhase;
			buildActionMask = 2147483647;
			files = (
				1E9E50951E4B1D0E00CE1F38 /* DLAVAlertViewButtonTheme.m in Sources */,
				1EF3F3D11D213923009D0B72 /* NSDate+TimeAgoConversion.m in Sources */,
				1EF3F3711D213831009D0B72 /* BayunS3.xcdatamodeld in Sources */,
				1E3467081F4ECAFE005049BF /* SignInViewController.m in Sources */,
				1EF3F3DC1D213923009D0B72 /* AWSManager.m in Sources */,
				1E9E509C1E4B1D0E00CE1F38 /* MKDropdownMenu.m in Sources */,
				1E648FB41D252A3200A53D85 /* SVProgressHUD.m in Sources */,
				1E3467101F503406005049BF /* AppDelegate.m in Sources */,
				1EF3F3E01D213923009D0B72 /* Utilities.m in Sources */,
				1E8DCBBF1E6D6FAC004D42B0 /* GroupsViewController.m in Sources */,
				1EA792841E94CD2A0012E710 /* GroupMembersViewController.m in Sources */,
				1EF3F3EF1D213923009D0B72 /* ListFilesViewController.m in Sources */,
				1E9E50991E4B1D0E00CE1F38 /* DLAVAlertViewTheme.m in Sources */,
				1E648FB21D252A3200A53D85 /* SVProgressAnimatedView.m in Sources */,
				1E648FB51D252A3200A53D85 /* SVRadialGradientLayer.m in Sources */,
				1E83AE181D41FBD200469E3C /* SecureAWSS3Service.m in Sources */,
				1EF100321D22616F00952D33 /* ALAlertBanner.m in Sources */,
				1EF100331D22616F00952D33 /* ALAlertBannerManager.m in Sources */,
				1E9E50961E4B1D0E00CE1F38 /* DLAVAlertViewController.m in Sources */,
				1EBAC9E71E9254B3007F04FB /* GroupFilesViewController.m in Sources */,
				1E648FB11D252A3200A53D85 /* SVIndefiniteAnimatedView.m in Sources */,
				1E9E509A1E4B1D0E00CE1F38 /* DropDownView.m in Sources */,
				1E9E50981E4B1D0E00CE1F38 /* DLAVAlertViewTextFieldTheme.m in Sources */,
				1EF3F3651D213831009D0B72 /* main.m in Sources */,
				1EF3F3DD1D213923009D0B72 /* Constants.m in Sources */,
				1E9A8D671F4D8E5F00FA494D /* ConfirmSignUpViewController.m in Sources */,
				1E9E50971E4B1D0E00CE1F38 /* DLAVAlertViewTextControlTheme.m in Sources */,
				1E63D69C1F6BFE2E004B3E08 /* SecureAuthentication.m in Sources */,
				1EF3F3EE1D213923009D0B72 /* CreateTextFileViewController.m in Sources */,
				1E9A8D641F4D8E4300FA494D /* SignUpViewController.m in Sources */,
				1E9E50941E4B1D0E00CE1F38 /* DLAVAlertView.m in Sources */,
				1E1974B02914FD8F007B7625 /* SecureAWSS3TransferUtility.m in Sources */,
			);
			runOnlyForDeploymentPostprocessing = 0;
		};
		1EF3F3781D213831009D0B72 /* Sources */ = {
			isa = PBXSourcesBuildPhase;
			buildActionMask = 2147483647;
			files = (
				1EF3F3811D213831009D0B72 /* BayunS3Tests.m in Sources */,
			);
			runOnlyForDeploymentPostprocessing = 0;
		};
		1EF3F3831D213831009D0B72 /* Sources */ = {
			isa = PBXSourcesBuildPhase;
			buildActionMask = 2147483647;
			files = (
				1EF3F38C1D213831009D0B72 /* BayunS3UITests.m in Sources */,
			);
			runOnlyForDeploymentPostprocessing = 0;
		};
/* End PBXSourcesBuildPhase section */

/* Begin PBXTargetDependency section */
		1EF3F37E1D213831009D0B72 /* PBXTargetDependency */ = {
			isa = PBXTargetDependency;
			target = 1EF3F35F1D213831009D0B72 /* BayunS3 */;
			targetProxy = 1EF3F37D1D213831009D0B72 /* PBXContainerItemProxy */;
		};
		1EF3F3891D213831009D0B72 /* PBXTargetDependency */ = {
			isa = PBXTargetDependency;
			target = 1EF3F35F1D213831009D0B72 /* BayunS3 */;
			targetProxy = 1EF3F3881D213831009D0B72 /* PBXContainerItemProxy */;
		};
/* End PBXTargetDependency section */

/* Begin PBXVariantGroup section */
		1EF3F36C1D213831009D0B72 /* Main.storyboard */ = {
			isa = PBXVariantGroup;
			children = (
				1EF3F36D1D213831009D0B72 /* Base */,
			);
			name = Main.storyboard;
			sourceTree = "<group>";
		};
		1EF3F3741D213831009D0B72 /* LaunchScreen.storyboard */ = {
			isa = PBXVariantGroup;
			children = (
				1EF3F3751D213831009D0B72 /* Base */,
			);
			name = LaunchScreen.storyboard;
			sourceTree = "<group>";
		};
/* End PBXVariantGroup section */

/* Begin XCBuildConfiguration section */
		1EF3F38E1D213831009D0B72 /* Debug */ = {
			isa = XCBuildConfiguration;
			buildSettings = {
				ALWAYS_EMBED_SWIFT_STANDARD_LIBRARIES = YES;
				ALWAYS_SEARCH_USER_PATHS = NO;
				CLANG_ANALYZER_NONNULL = YES;
				CLANG_CXX_LANGUAGE_STANDARD = "c++14";
				CLANG_CXX_LIBRARY = "libstdc++";
				CLANG_ENABLE_MODULES = YES;
				CLANG_ENABLE_OBJC_ARC = YES;
				CLANG_WARN_BLOCK_CAPTURE_AUTORELEASING = YES;
				CLANG_WARN_BOOL_CONVERSION = YES;
				CLANG_WARN_COMMA = YES;
				CLANG_WARN_CONSTANT_CONVERSION = YES;
				CLANG_WARN_DIRECT_OBJC_ISA_USAGE = YES_ERROR;
				CLANG_WARN_EMPTY_BODY = YES;
				CLANG_WARN_ENUM_CONVERSION = YES;
				CLANG_WARN_INFINITE_RECURSION = YES;
				CLANG_WARN_INT_CONVERSION = YES;
				CLANG_WARN_NON_LITERAL_NULL_CONVERSION = YES;
				CLANG_WARN_OBJC_LITERAL_CONVERSION = YES;
				CLANG_WARN_OBJC_ROOT_CLASS = YES_ERROR;
				CLANG_WARN_RANGE_LOOP_ANALYSIS = YES;
				CLANG_WARN_STRICT_PROTOTYPES = YES;
				CLANG_WARN_SUSPICIOUS_MOVE = YES;
				CLANG_WARN_UNREACHABLE_CODE = YES;
				CLANG_WARN__DUPLICATE_METHOD_MATCH = YES;
				CODE_SIGN_IDENTITY = "iPhone Developer";
				"CODE_SIGN_IDENTITY[sdk=iphoneos*]" = "iPhone Developer";
				COPY_PHASE_STRIP = NO;
				DEBUG_INFORMATION_FORMAT = dwarf;
				DEVELOPMENT_TEAM = RL8J62A42V;
				ENABLE_BITCODE = NO;
				ENABLE_STRICT_OBJC_MSGSEND = YES;
				ENABLE_TESTABILITY = YES;
				GCC_C_LANGUAGE_STANDARD = gnu99;
				GCC_DYNAMIC_NO_PIC = NO;
				GCC_NO_COMMON_BLOCKS = YES;
				GCC_OPTIMIZATION_LEVEL = 0;
				GCC_PREPROCESSOR_DEFINITIONS = (
					"DEBUG=1",
					"$(inherited)",
				);
				GCC_WARN_64_TO_32_BIT_CONVERSION = YES;
				GCC_WARN_ABOUT_RETURN_TYPE = YES_ERROR;
				GCC_WARN_UNDECLARED_SELECTOR = YES;
				GCC_WARN_UNINITIALIZED_AUTOS = YES_AGGRESSIVE;
				GCC_WARN_UNUSED_FUNCTION = YES;
				GCC_WARN_UNUSED_VARIABLE = YES;
				IPHONEOS_DEPLOYMENT_TARGET = 9.0;
				LD_RUNPATH_SEARCH_PATHS = "@executable_path/Frameworks";
				MTL_ENABLE_DEBUG_INFO = YES;
				ONLY_ACTIVE_ARCH = YES;
				PROVISIONING_PROFILE = "";
				SDKROOT = iphoneos;
				SWIFT_VERSION = 5.0;
				TARGETED_DEVICE_FAMILY = "1,2";
			};
			name = Debug;
		};
		1EF3F38F1D213831009D0B72 /* Release */ = {
			isa = XCBuildConfiguration;
			buildSettings = {
				ALWAYS_EMBED_SWIFT_STANDARD_LIBRARIES = YES;
				ALWAYS_SEARCH_USER_PATHS = NO;
				CLANG_ANALYZER_NONNULL = YES;
				CLANG_CXX_LANGUAGE_STANDARD = "c++14";
				CLANG_CXX_LIBRARY = "libstdc++";
				CLANG_ENABLE_MODULES = YES;
				CLANG_ENABLE_OBJC_ARC = YES;
				CLANG_WARN_BLOCK_CAPTURE_AUTORELEASING = YES;
				CLANG_WARN_BOOL_CONVERSION = YES;
				CLANG_WARN_COMMA = YES;
				CLANG_WARN_CONSTANT_CONVERSION = YES;
				CLANG_WARN_DIRECT_OBJC_ISA_USAGE = YES_ERROR;
				CLANG_WARN_EMPTY_BODY = YES;
				CLANG_WARN_ENUM_CONVERSION = YES;
				CLANG_WARN_INFINITE_RECURSION = YES;
				CLANG_WARN_INT_CONVERSION = YES;
				CLANG_WARN_NON_LITERAL_NULL_CONVERSION = YES;
				CLANG_WARN_OBJC_LITERAL_CONVERSION = YES;
				CLANG_WARN_OBJC_ROOT_CLASS = YES_ERROR;
				CLANG_WARN_RANGE_LOOP_ANALYSIS = YES;
				CLANG_WARN_STRICT_PROTOTYPES = YES;
				CLANG_WARN_SUSPICIOUS_MOVE = YES;
				CLANG_WARN_UNREACHABLE_CODE = YES;
				CLANG_WARN__DUPLICATE_METHOD_MATCH = YES;
				CODE_SIGN_IDENTITY = "iPhone Developer";
				"CODE_SIGN_IDENTITY[sdk=iphoneos*]" = "iPhone Developer";
				COPY_PHASE_STRIP = NO;
				DEBUG_INFORMATION_FORMAT = "dwarf-with-dsym";
				DEVELOPMENT_TEAM = RL8J62A42V;
				ENABLE_BITCODE = NO;
				ENABLE_NS_ASSERTIONS = NO;
				ENABLE_STRICT_OBJC_MSGSEND = YES;
				GCC_C_LANGUAGE_STANDARD = gnu99;
				GCC_NO_COMMON_BLOCKS = YES;
				GCC_WARN_64_TO_32_BIT_CONVERSION = YES;
				GCC_WARN_ABOUT_RETURN_TYPE = YES_ERROR;
				GCC_WARN_UNDECLARED_SELECTOR = YES;
				GCC_WARN_UNINITIALIZED_AUTOS = YES_AGGRESSIVE;
				GCC_WARN_UNUSED_FUNCTION = YES;
				GCC_WARN_UNUSED_VARIABLE = YES;
				IPHONEOS_DEPLOYMENT_TARGET = 9.0;
				LD_RUNPATH_SEARCH_PATHS = "@executable_path/Frameworks";
				MTL_ENABLE_DEBUG_INFO = NO;
				ONLY_ACTIVE_ARCH = YES;
				PROVISIONING_PROFILE = "";
				SDKROOT = iphoneos;
				SWIFT_VERSION = 5.0;
				TARGETED_DEVICE_FAMILY = "1,2";
				VALIDATE_PRODUCT = YES;
			};
			name = Release;
		};
		1EF3F3911D213831009D0B72 /* Debug */ = {
			isa = XCBuildConfiguration;
			baseConfigurationReference = DA4247B740D3AAF1C6C825BA /* Pods-BayunS3.debug.xcconfig */;
			buildSettings = {
				ALWAYS_SEARCH_USER_PATHS = YES;
				ASSETCATALOG_COMPILER_APPICON_NAME = AppIcon;
				ASSETCATALOG_COMPILER_LAUNCHIMAGE_NAME = LaunchImage;
				BITCODE_GENERATION_MODE = marker;
				CLANG_CXX_LANGUAGE_STANDARD = "c++14";
				CLANG_CXX_LIBRARY = "libc++";
				CODE_SIGN_ENTITLEMENTS = "BayunS3/BayunS3-Test.entitlements";
				CODE_SIGN_IDENTITY = "Apple Development";
				"CODE_SIGN_IDENTITY[sdk=iphoneos*]" = "iPhone Developer";
				CODE_SIGN_STYLE = Automatic;
				DEFINES_MODULE = YES;
				DEVELOPMENT_TEAM = 9Y95R85FXY;
				ENABLE_BITCODE = NO;
				EXCLUDED_ARCHS = "";
				FRAMEWORK_SEARCH_PATHS = (
					"$(inherited)",
					"$(PROJECT_DIR)",
					"$(PROJECT_DIR)/BayunS3",
				);
				GCC_PREFIX_HEADER = BayunS3/BayunS3.pch;
				HEADER_SEARCH_PATHS = (
					"$(inherited)",
					"\"${PODS_ROOT}/Headers/Public\"",
					"\"${PODS_ROOT}/Headers/Public/AWSCognitoIdentityProvider\"",
					"\"${PODS_ROOT}/Headers/Public/AWSCore\"",
					"\"${PODS_ROOT}/Headers/Public/AWSS3\"",
					"\"${PODS_ROOT}/Headers/Public/Reachability\"",
				);
				INFOPLIST_FILE = BayunS3/Info.plist;
				IPHONEOS_DEPLOYMENT_TARGET = 9.0;
				LD_RUNPATH_SEARCH_PATHS = "/usr/lib/swift $(inherited) @executable_path/Frameworks";
				LIBRARY_SEARCH_PATHS = (
					"$(inherited)",
					"\"$PODS_CONFIGURATION_BUILD_DIR/AWSCognitoIdentityProvider\"",
					"\"$PODS_CONFIGURATION_BUILD_DIR/AWSCore\"",
					"\"$PODS_CONFIGURATION_BUILD_DIR/AWSS3\"",
					"\"$PODS_CONFIGURATION_BUILD_DIR/Reachability\"",
					"\"$(SRCROOT)/lib\"",
					"$(PROJECT_DIR)/",
				);
				ONLY_ACTIVE_ARCH = YES;
				OTHER_CFLAGS = (
					"$(inherited)",
					"-isystem",
					"\"${PODS_ROOT}/Headers/Public\"",
					"-isystem",
					"\"${PODS_ROOT}/Headers/Public/AWSCore\"",
					"-isystem",
					"\"${PODS_ROOT}/Headers/Public/AWSS3\"",
					"-isystem",
					"\"${PODS_ROOT}/Headers/Public/Reachability\"",
					"-fembed-bitcode-marker",
				);
				OTHER_LDFLAGS = (
					"$(inherited)",
					"-ObjC",
					"-l\"sqlite3\"",
					"-l\"z\"",
					"-framework",
					"\"Foundation\"",
					"-framework",
					"\"SystemConfiguration\"",
					"-framework",
					"\"UIKit\"",
					"-lstdc++",
					"-lz",
				);
				PRODUCT_BUNDLE_IDENTIFIER = "com.bayunsystems.BayunS3-Dev";
				PRODUCT_NAME = BayunS3;
				PROVISIONING_PROFILE = "";
				PROVISIONING_PROFILE_SPECIFIER = "";
				SWIFT_INCLUDE_PATHS = "";
				SWIFT_OBJC_BRIDGING_HEADER = "BayunS3/BayunS3-Bridging-Header.h";
				SWIFT_VERSION = 5.0;
				TARGETED_DEVICE_FAMILY = "1,2";
			};
			name = Debug;
		};
		1EF3F3921D213831009D0B72 /* Release */ = {
			isa = XCBuildConfiguration;
			baseConfigurationReference = E256A017F4E966D6DA728607 /* Pods-BayunS3.release.xcconfig */;
			buildSettings = {
				ALWAYS_SEARCH_USER_PATHS = YES;
				ASSETCATALOG_COMPILER_APPICON_NAME = AppIcon;
				ASSETCATALOG_COMPILER_LAUNCHIMAGE_NAME = LaunchImage;
				BITCODE_GENERATION_MODE = bitcode;
				CLANG_CXX_LANGUAGE_STANDARD = "c++14";
				CLANG_CXX_LIBRARY = "libc++";
				CODE_SIGN_ENTITLEMENTS = "BayunS3/BayunS3-Test.entitlements";
				CODE_SIGN_IDENTITY = "Apple Development";
				"CODE_SIGN_IDENTITY[sdk=iphoneos*]" = "iPhone Developer";
				CODE_SIGN_STYLE = Automatic;
				DEFINES_MODULE = YES;
				DEVELOPMENT_TEAM = 9Y95R85FXY;
				ENABLE_BITCODE = NO;
				EXCLUDED_ARCHS = "";
				FRAMEWORK_SEARCH_PATHS = (
					"$(inherited)",
					"$(PROJECT_DIR)",
					"$(PROJECT_DIR)/BayunS3",
				);
				GCC_PREFIX_HEADER = BayunS3/BayunS3.pch;
				HEADER_SEARCH_PATHS = (
					"$(inherited)",
					"\"${PODS_ROOT}/Headers/Public\"",
					"\"${PODS_ROOT}/Headers/Public/AWSCognitoIdentityProvider\"",
					"\"${PODS_ROOT}/Headers/Public/AWSCore\"",
					"\"${PODS_ROOT}/Headers/Public/AWSS3\"",
					"\"${PODS_ROOT}/Headers/Public/Reachability\"",
				);
				INFOPLIST_FILE = BayunS3/Info.plist;
				IPHONEOS_DEPLOYMENT_TARGET = 9.0;
				LD_RUNPATH_SEARCH_PATHS = "/usr/lib/swift $(inherited) @executable_path/Frameworks";
				LIBRARY_SEARCH_PATHS = (
					"$(inherited)",
					"\"$PODS_CONFIGURATION_BUILD_DIR/AWSCognitoIdentityProvider\"",
					"\"$PODS_CONFIGURATION_BUILD_DIR/AWSCore\"",
					"\"$PODS_CONFIGURATION_BUILD_DIR/AWSS3\"",
					"\"$PODS_CONFIGURATION_BUILD_DIR/Reachability\"",
					"\"$(SRCROOT)/lib\"",
					"$(PROJECT_DIR)/",
				);
				ONLY_ACTIVE_ARCH = YES;
				OTHER_CFLAGS = (
					"$(inherited)",
					"-isystem",
					"\"${PODS_ROOT}/Headers/Public\"",
					"-isystem",
					"\"${PODS_ROOT}/Headers/Public/AWSCore\"",
					"-isystem",
					"\"${PODS_ROOT}/Headers/Public/AWSS3\"",
					"-isystem",
					"\"${PODS_ROOT}/Headers/Public/Reachability\"",
					"-fembed-bitcode",
				);
				OTHER_LDFLAGS = (
					"$(inherited)",
					"-ObjC",
					"-l\"sqlite3\"",
					"-l\"z\"",
					"-framework",
					"\"Foundation\"",
					"-framework",
					"\"SystemConfiguration\"",
					"-framework",
					"\"UIKit\"",
					"-lstdc++",
					"-lz",
				);
				PRODUCT_BUNDLE_IDENTIFIER = "com.bayunsystems.BayunS3-Dev";
				PRODUCT_NAME = BayunS3;
				PROVISIONING_PROFILE = "";
				PROVISIONING_PROFILE_SPECIFIER = "";
				SWIFT_INCLUDE_PATHS = "";
				SWIFT_OBJC_BRIDGING_HEADER = "BayunS3/BayunS3-Bridging-Header.h";
				SWIFT_VERSION = 5.0;
				TARGETED_DEVICE_FAMILY = "1,2";
			};
			name = Release;
		};
		1EF3F3941D213831009D0B72 /* Debug */ = {
			isa = XCBuildConfiguration;
			buildSettings = {
				BUNDLE_LOADER = "$(TEST_HOST)";
				INFOPLIST_FILE = BayunS3Tests/Info.plist;
				LD_RUNPATH_SEARCH_PATHS = "$(inherited) @executable_path/Frameworks @loader_path/Frameworks";
				PRODUCT_BUNDLE_IDENTIFIER = com.bayun.BayunS3Tests;
				PRODUCT_NAME = "$(TARGET_NAME)";
				TEST_HOST = "$(BUILT_PRODUCTS_DIR)/BayunS3.app/BayunS3";
			};
			name = Debug;
		};
		1EF3F3951D213831009D0B72 /* Release */ = {
			isa = XCBuildConfiguration;
			buildSettings = {
				BUNDLE_LOADER = "$(TEST_HOST)";
				INFOPLIST_FILE = BayunS3Tests/Info.plist;
				LD_RUNPATH_SEARCH_PATHS = "$(inherited) @executable_path/Frameworks @loader_path/Frameworks";
				PRODUCT_BUNDLE_IDENTIFIER = com.bayun.BayunS3Tests;
				PRODUCT_NAME = "$(TARGET_NAME)";
				TEST_HOST = "$(BUILT_PRODUCTS_DIR)/BayunS3.app/BayunS3";
			};
			name = Release;
		};
		1EF3F3971D213831009D0B72 /* Debug */ = {
			isa = XCBuildConfiguration;
			buildSettings = {
				INFOPLIST_FILE = BayunS3UITests/Info.plist;
				LD_RUNPATH_SEARCH_PATHS = "$(inherited) @executable_path/Frameworks @loader_path/Frameworks";
				PRODUCT_BUNDLE_IDENTIFIER = com.bayun.BayunS3UITests;
				PRODUCT_NAME = "$(TARGET_NAME)";
				TEST_TARGET_NAME = BayunS3;
			};
			name = Debug;
		};
		1EF3F3981D213831009D0B72 /* Release */ = {
			isa = XCBuildConfiguration;
			buildSettings = {
				INFOPLIST_FILE = BayunS3UITests/Info.plist;
				LD_RUNPATH_SEARCH_PATHS = "$(inherited) @executable_path/Frameworks @loader_path/Frameworks";
				PRODUCT_BUNDLE_IDENTIFIER = com.bayun.BayunS3UITests;
				PRODUCT_NAME = "$(TARGET_NAME)";
				TEST_TARGET_NAME = BayunS3;
			};
			name = Release;
		};
/* End XCBuildConfiguration section */

/* Begin XCConfigurationList section */
		1EF3F35B1D213831009D0B72 /* Build configuration list for PBXProject "BayunS3" */ = {
			isa = XCConfigurationList;
			buildConfigurations = (
				1EF3F38E1D213831009D0B72 /* Debug */,
				1EF3F38F1D213831009D0B72 /* Release */,
			);
			defaultConfigurationIsVisible = 0;
			defaultConfigurationName = Release;
		};
		1EF3F3901D213831009D0B72 /* Build configuration list for PBXNativeTarget "BayunS3" */ = {
			isa = XCConfigurationList;
			buildConfigurations = (
				1EF3F3911D213831009D0B72 /* Debug */,
				1EF3F3921D213831009D0B72 /* Release */,
			);
			defaultConfigurationIsVisible = 0;
			defaultConfigurationName = Release;
		};
		1EF3F3931D213831009D0B72 /* Build configuration list for PBXNativeTarget "BayunS3Tests" */ = {
			isa = XCConfigurationList;
			buildConfigurations = (
				1EF3F3941D213831009D0B72 /* Debug */,
				1EF3F3951D213831009D0B72 /* Release */,
			);
			defaultConfigurationIsVisible = 0;
			defaultConfigurationName = Release;
		};
		1EF3F3961D213831009D0B72 /* Build configuration list for PBXNativeTarget "BayunS3UITests" */ = {
			isa = XCConfigurationList;
			buildConfigurations = (
				1EF3F3971D213831009D0B72 /* Debug */,
				1EF3F3981D213831009D0B72 /* Release */,
			);
			defaultConfigurationIsVisible = 0;
			defaultConfigurationName = Release;
		};
/* End XCConfigurationList section */

/* Begin XCVersionGroup section */
		1EF3F36F1D213831009D0B72 /* BayunS3.xcdatamodeld */ = {
			isa = XCVersionGroup;
			children = (
				1EF3F3701D213831009D0B72 /* BayunS3.xcdatamodel */,
			);
			currentVersion = 1EF3F3701D213831009D0B72 /* BayunS3.xcdatamodel */;
			path = BayunS3.xcdatamodeld;
			sourceTree = "<group>";
			versionGroupType = wrapper.xcdatamodel;
		};
/* End XCVersionGroup section */
	};
	rootObject = 1EF3F3581D213831009D0B72 /* Project object */;
}
